{
  "name": "example",
  "version": "0.3.5",
  "lockfileVersion": 2,
  "requires": true,
  "packages": {
    "": {
      "name": "example",
      "version": "0.3.5",
      "license": "Apache-2.0",
      "dependencies": {
        "@deliberative/utils": "file:deliberative-utils-0.1.5.tgz"
      },
      "engines": {
        "node": ">=18",
        "npm": ">=8"
      }
    },
    "node_modules/@deliberative/utils": {
      "version": "0.1.5",
      "resolved": "file:deliberative-utils-0.1.5.tgz",
      "integrity": "sha512-Ip+rvTyfaDdHirilgAqeO1gxXDCl2W4I2TvdwuJ1qRfJwqWw9a7th0222WJRFBz1A69kjdoU936hlC7+lADPSQ==",
      "license": "Apache-2.0",
      "engines": {
        "node": ">=18",
        "npm": ">=8"
      }
    }
  },
  "dependencies": {
    "@deliberative/utils": {
      "version": "file:deliberative-utils-0.1.5.tgz",
      "integrity": "sha512-Ip+rvTyfaDdHirilgAqeO1gxXDCl2W4I2TvdwuJ1qRfJwqWw9a7th0222WJRFBz1A69kjdoU936hlC7+lADPSQ=="
    }
  }
}
